
Microsoft Visual Studio Solution File, Format Version 12.00
# Visual Studio Version 16
VisualStudioVersion = 16.0.30611.23
MinimumVisualStudioVersion = 10.0.40219.1
Project("{FAE04EC0-301F-11D3-BF4B-00C04F79EFBC}") = "DU - CS10", "DU - CS10\DU - CS10.csproj", "{FDC00D6A-AB72-45A3-A4E5-E31DAD5FA51C}"
EndProject
Global
	GlobalSection(SolutionConfigurationPlatforms) = preSolution
		Debug|Any CPU = Debug|Any CPU
		Release|Any CPU = Release|Any CPU
	EndGlobalSection
	GlobalSection(ProjectConfigurationPlatforms) = postSolution
		{FDC00D6A-AB72-45A3-A4E5-E31DAD5FA51C}.Debug|Any CPU.ActiveCfg = Debug|Any CPU
		{FDC00D6A-AB72-45A3-A4E5-E31DAD5FA51C}.Debug|Any CPU.Build.0 = Debug|Any CPU
		{FDC00D6A-AB72-45A3-A4E5-E31DAD5FA51C}.Release|Any CPU.ActiveCfg = Release|Any CPU
		{FDC00D6A-AB72-45A3-A4E5-E31DAD5FA51C}.Release|Any CPU.Build.0 = Release|Any CPU
	EndGlobalSection
	GlobalSection(SolutionProperties) = preSolution
		HideSolutionNode = FALSE
	EndGlobalSection
	GlobalSection(ExtensibilityGlobals) = postSolution
		SolutionGuid = {58199177-3360-44BD-A811-56DE98589CEE}
	EndGlobalSection
EndGlobal
